// !$*UTF8*$!
{
	archiveVersion = 1;
	classes = {
	};
	objectVersion = 55;
	objects = {

/* Begin PBXBuildFile section */
		6CB3978C284612CC008E2918 /* AppDelegate.swift in Sources */ = {isa = PBXBuildFile; fileRef = 6CB3978B284612CC008E2918 /* AppDelegate.swift */; };
		6CB3978E284612CC008E2918 /* SceneDelegate.swift in Sources */ = {isa = PBXBuildFile; fileRef = 6CB3978D284612CC008E2918 /* SceneDelegate.swift */; };
		6CB39793284612CC008E2918 /* Main.storyboard in Resources */ = {isa = PBXBuildFile; fileRef = 6CB39791284612CC008E2918 /* Main.storyboard */; };
		6CB39795284612CE008E2918 /* Assets.xcassets in Resources */ = {isa = PBXBuildFile; fileRef = 6CB39794284612CE008E2918 /* Assets.xcassets */; };
		6CB39798284612CE008E2918 /* LaunchScreen.storyboard in Resources */ = {isa = PBXBuildFile; fileRef = 6CB39796284612CE008E2918 /* LaunchScreen.storyboard */; };
		6CB397A3284612CE008E2918 /* iOS_Practical_TestTests.swift in Sources */ = {isa = PBXBuildFile; fileRef = 6CB397A2284612CE008E2918 /* iOS_Practical_TestTests.swift */; };
		6CB397AD284612CE008E2918 /* iOS_Practical_TestUITests.swift in Sources */ = {isa = PBXBuildFile; fileRef = 6CB397AC284612CE008E2918 /* iOS_Practical_TestUITests.swift */; };
		6CB397AF284612CE008E2918 /* iOS_Practical_TestUITestsLaunchTests.swift in Sources */ = {isa = PBXBuildFile; fileRef = 6CB397AE284612CE008E2918 /* iOS_Practical_TestUITestsLaunchTests.swift */; };
		6CB397BC28461631008E2918 /* AppCoordinator.swift in Sources */ = {isa = PBXBuildFile; fileRef = 6CB397BB28461631008E2918 /* AppCoordinator.swift */; };
		6CB397C328461769008E2918 /* UIViewControllerExt.swift in Sources */ = {isa = PBXBuildFile; fileRef = 6CB397C228461769008E2918 /* UIViewControllerExt.swift */; };
		6CB397CA284617A3008E2918 /* CoordinatorProtocol.swift in Sources */ = {isa = PBXBuildFile; fileRef = 6CB397C6284617A3008E2918 /* CoordinatorProtocol.swift */; };
		6CB397CB284617A3008E2918 /* NativeNavigator.swift in Sources */ = {isa = PBXBuildFile; fileRef = 6CB397C7284617A3008E2918 /* NativeNavigator.swift */; };
		6CB397CC284617A3008E2918 /* DeallocObserver.swift in Sources */ = {isa = PBXBuildFile; fileRef = 6CB397C8284617A3008E2918 /* DeallocObserver.swift */; };
		6CB397CD284617A3008E2918 /* Coordinator.swift in Sources */ = {isa = PBXBuildFile; fileRef = 6CB397C9284617A3008E2918 /* Coordinator.swift */; };
		6CB397D1284618DA008E2918 /* MovieListVC.swift in Sources */ = {isa = PBXBuildFile; fileRef = 6CB397D0284618DA008E2918 /* MovieListVC.swift */; };
		6CB397D3284618ED008E2918 /* MovieListCoordinator.swift in Sources */ = {isa = PBXBuildFile; fileRef = 6CB397D2284618ED008E2918 /* MovieListCoordinator.swift */; };
		6CB397D828461CFE008E2918 /* MovieListVM.swift in Sources */ = {isa = PBXBuildFile; fileRef = 6CB397D728461CFE008E2918 /* MovieListVM.swift */; };
		6CB397DA28461D16008E2918 /* MovieListModel.swift in Sources */ = {isa = PBXBuildFile; fileRef = 6CB397D928461D16008E2918 /* MovieListModel.swift */; };
		6CB397DD284621B3008E2918 /* NetworkManager.swift in Sources */ = {isa = PBXBuildFile; fileRef = 6CB397DC284621B3008E2918 /* NetworkManager.swift */; };
		6CB397DF28462204008E2918 /* URLRequestExt.swift in Sources */ = {isa = PBXBuildFile; fileRef = 6CB397DE28462204008E2918 /* URLRequestExt.swift */; };
		6CB397E1284626DE008E2918 /* UIImageViewExt.swift in Sources */ = {isa = PBXBuildFile; fileRef = 6CB397E0284626DE008E2918 /* UIImageViewExt.swift */; };
		6CB397F428462E8E008E2918 /* ToastView.swift in Sources */ = {isa = PBXBuildFile; fileRef = 6CB397EF28462E8E008E2918 /* ToastView.swift */; };
		6CB397F928463025008E2918 /* MovieListCell.swift in Sources */ = {isa = PBXBuildFile; fileRef = 6CB397F828463025008E2918 /* MovieListCell.swift */; };
		6CB397FB28463168008E2918 /* MovieListCellVM.swift in Sources */ = {isa = PBXBuildFile; fileRef = 6CB397FA28463168008E2918 /* MovieListCellVM.swift */; };
		6CB397FD284633B7008E2918 /* URLExt.swift in Sources */ = {isa = PBXBuildFile; fileRef = 6CB397FC284633B7008E2918 /* URLExt.swift */; };
		6CB397FF28463436008E2918 /* ApiManager.swift in Sources */ = {isa = PBXBuildFile; fileRef = 6CB397FE28463436008E2918 /* ApiManager.swift */; };
		6CB39801284637ED008E2918 /* Constant.swift in Sources */ = {isa = PBXBuildFile; fileRef = 6CB39800284637ED008E2918 /* Constant.swift */; };
		6CB3980328466110008E2918 /* ActivityIndicator.swift in Sources */ = {isa = PBXBuildFile; fileRef = 6CB3980228466110008E2918 /* ActivityIndicator.swift */; };
		6CB3980C284663BE008E2918 /* StrokeColorAnimation.swift in Sources */ = {isa = PBXBuildFile; fileRef = 6CB39807284663BE008E2918 /* StrokeColorAnimation.swift */; };
		6CB3980D284663BE008E2918 /* RotationAnimation.swift in Sources */ = {isa = PBXBuildFile; fileRef = 6CB39808284663BE008E2918 /* RotationAnimation.swift */; };
		6CB3980E284663BE008E2918 /* ProgressView.swift in Sources */ = {isa = PBXBuildFile; fileRef = 6CB39809284663BE008E2918 /* ProgressView.swift */; };
		6CB3980F284663BE008E2918 /* StrokeAnimation.swift in Sources */ = {isa = PBXBuildFile; fileRef = 6CB3980A284663BE008E2918 /* StrokeAnimation.swift */; };
		6CB39810284663BE008E2918 /* ProgressShapeLayer.swift in Sources */ = {isa = PBXBuildFile; fileRef = 6CB3980B284663BE008E2918 /* ProgressShapeLayer.swift */; };
		813B8B567DE8D97FBBFAE15F /* libPods-iOS-Practical-Test.a in Frameworks */ = {isa = PBXBuildFile; fileRef = F5A529E1E424B4A6FCA296F0 /* libPods-iOS-Practical-Test.a */; };
/* End PBXBuildFile section */

/* Begin PBXContainerItemProxy section */
		6CB3979F284612CE008E2918 /* PBXContainerItemProxy */ = {
			isa = PBXContainerItemProxy;
			containerPortal = 6CB39780284612CC008E2918 /* Project object */;
			proxyType = 1;
			remoteGlobalIDString = 6CB39787284612CC008E2918;
			remoteInfo = "iOS-Practical-Test";
		};
		6CB397A9284612CE008E2918 /* PBXContainerItemProxy */ = {
			isa = PBXContainerItemProxy;
			containerPortal = 6CB39780284612CC008E2918 /* Project object */;
			proxyType = 1;
			remoteGlobalIDString = 6CB39787284612CC008E2918;
			remoteInfo = "iOS-Practical-Test";
		};
/* End PBXContainerItemProxy section */

/* Begin PBXFileReference section */
		0D07018360341F0EA6E0AAC0 /* Pods-iOS-Practical-Test.release.xcconfig */ = {isa = PBXFileReference; includeInIndex = 1; lastKnownFileType = text.xcconfig; name = "Pods-iOS-Practical-Test.release.xcconfig"; path = "Target Support Files/Pods-iOS-Practical-Test/Pods-iOS-Practical-Test.release.xcconfig"; sourceTree = "<group>"; };
		5BEED5F4C0FA5CF00BBC1F7B /* Pods-iOS-Practical-Test.debug.xcconfig */ = {isa = PBXFileReference; includeInIndex = 1; lastKnownFileType = text.xcconfig; name = "Pods-iOS-Practical-Test.debug.xcconfig"; path = "Target Support Files/Pods-iOS-Practical-Test/Pods-iOS-Practical-Test.debug.xcconfig"; sourceTree = "<group>"; };
		6CB39788284612CC008E2918 /* iOS-Practical-Test.app */ = {isa = PBXFileReference; explicitFileType = wrapper.application; includeInIndex = 0; path = "iOS-Practical-Test.app"; sourceTree = BUILT_PRODUCTS_DIR; };
		6CB3978B284612CC008E2918 /* AppDelegate.swift */ = {isa = PBXFileReference; lastKnownFileType = sourcecode.swift; path = AppDelegate.swift; sourceTree = "<group>"; };
		6CB3978D284612CC008E2918 /* SceneDelegate.swift */ = {isa = PBXFileReference; lastKnownFileType = sourcecode.swift; path = SceneDelegate.swift; sourceTree = "<group>"; };
		6CB39792284612CC008E2918 /* Base */ = {isa = PBXFileReference; lastKnownFileType = file.storyboard; name = Base; path = Base.lproj/Main.storyboard; sourceTree = "<group>"; };
		6CB39794284612CE008E2918 /* Assets.xcassets */ = {isa = PBXFileReference; lastKnownFileType = folder.assetcatalog; path = Assets.xcassets; sourceTree = "<group>"; };
		6CB39797284612CE008E2918 /* Base */ = {isa = PBXFileReference; lastKnownFileType = file.storyboard; name = Base; path = Base.lproj/LaunchScreen.storyboard; sourceTree = "<group>"; };
		6CB39799284612CE008E2918 /* Info.plist */ = {isa = PBXFileReference; lastKnownFileType = text.plist.xml; path = Info.plist; sourceTree = "<group>"; };
		6CB3979E284612CE008E2918 /* iOS-Practical-TestTests.xctest */ = {isa = PBXFileReference; explicitFileType = wrapper.cfbundle; includeInIndex = 0; path = "iOS-Practical-TestTests.xctest"; sourceTree = BUILT_PRODUCTS_DIR; };
		6CB397A2284612CE008E2918 /* iOS_Practical_TestTests.swift */ = {isa = PBXFileReference; lastKnownFileType = sourcecode.swift; path = iOS_Practical_TestTests.swift; sourceTree = "<group>"; };
		6CB397A8284612CE008E2918 /* iOS-Practical-TestUITests.xctest */ = {isa = PBXFileReference; explicitFileType = wrapper.cfbundle; includeInIndex = 0; path = "iOS-Practical-TestUITests.xctest"; sourceTree = BUILT_PRODUCTS_DIR; };
		6CB397AC284612CE008E2918 /* iOS_Practical_TestUITests.swift */ = {isa = PBXFileReference; lastKnownFileType = sourcecode.swift; path = iOS_Practical_TestUITests.swift; sourceTree = "<group>"; };
		6CB397AE284612CE008E2918 /* iOS_Practical_TestUITestsLaunchTests.swift */ = {isa = PBXFileReference; lastKnownFileType = sourcecode.swift; path = iOS_Practical_TestUITestsLaunchTests.swift; sourceTree = "<group>"; };
		6CB397BB28461631008E2918 /* AppCoordinator.swift */ = {isa = PBXFileReference; fileEncoding = 4; lastKnownFileType = sourcecode.swift; path = AppCoordinator.swift; sourceTree = "<group>"; };
		6CB397C228461769008E2918 /* UIViewControllerExt.swift */ = {isa = PBXFileReference; fileEncoding = 4; lastKnownFileType = sourcecode.swift; path = UIViewControllerExt.swift; sourceTree = "<group>"; };
		6CB397C6284617A3008E2918 /* CoordinatorProtocol.swift */ = {isa = PBXFileReference; fileEncoding = 4; lastKnownFileType = sourcecode.swift; path = CoordinatorProtocol.swift; sourceTree = "<group>"; };
		6CB397C7284617A3008E2918 /* NativeNavigator.swift */ = {isa = PBXFileReference; fileEncoding = 4; lastKnownFileType = sourcecode.swift; path = NativeNavigator.swift; sourceTree = "<group>"; };
		6CB397C8284617A3008E2918 /* DeallocObserver.swift */ = {isa = PBXFileReference; fileEncoding = 4; lastKnownFileType = sourcecode.swift; path = DeallocObserver.swift; sourceTree = "<group>"; };
		6CB397C9284617A3008E2918 /* Coordinator.swift */ = {isa = PBXFileReference; fileEncoding = 4; lastKnownFileType = sourcecode.swift; path = Coordinator.swift; sourceTree = "<group>"; };
		6CB397D0284618DA008E2918 /* MovieListVC.swift */ = {isa = PBXFileReference; lastKnownFileType = sourcecode.swift; path = MovieListVC.swift; sourceTree = "<group>"; };
		6CB397D2284618ED008E2918 /* MovieListCoordinator.swift */ = {isa = PBXFileReference; lastKnownFileType = sourcecode.swift; path = MovieListCoordinator.swift; sourceTree = "<group>"; };
		6CB397D728461CFE008E2918 /* MovieListVM.swift */ = {isa = PBXFileReference; lastKnownFileType = sourcecode.swift; path = MovieListVM.swift; sourceTree = "<group>"; };
		6CB397D928461D16008E2918 /* MovieListModel.swift */ = {isa = PBXFileReference; lastKnownFileType = sourcecode.swift; path = MovieListModel.swift; sourceTree = "<group>"; };
		6CB397DC284621B3008E2918 /* NetworkManager.swift */ = {isa = PBXFileReference; lastKnownFileType = sourcecode.swift; path = NetworkManager.swift; sourceTree = "<group>"; };
		6CB397DE28462204008E2918 /* URLRequestExt.swift */ = {isa = PBXFileReference; lastKnownFileType = sourcecode.swift; path = URLRequestExt.swift; sourceTree = "<group>"; };
		6CB397E0284626DE008E2918 /* UIImageViewExt.swift */ = {isa = PBXFileReference; lastKnownFileType = sourcecode.swift; path = UIImageViewExt.swift; sourceTree = "<group>"; };
		6CB397E228462745008E2918 /* iOS-Practical-Test-Bridging-Header.h */ = {isa = PBXFileReference; lastKnownFileType = sourcecode.c.h; path = "iOS-Practical-Test-Bridging-Header.h"; sourceTree = "<group>"; };
		6CB397EF28462E8E008E2918 /* ToastView.swift */ = {isa = PBXFileReference; fileEncoding = 4; lastKnownFileType = sourcecode.swift; path = ToastView.swift; sourceTree = "<group>"; };
		6CB397F828463025008E2918 /* MovieListCell.swift */ = {isa = PBXFileReference; lastKnownFileType = sourcecode.swift; path = MovieListCell.swift; sourceTree = "<group>"; };
		6CB397FA28463168008E2918 /* MovieListCellVM.swift */ = {isa = PBXFileReference; lastKnownFileType = sourcecode.swift; path = MovieListCellVM.swift; sourceTree = "<group>"; };
		6CB397FC284633B7008E2918 /* URLExt.swift */ = {isa = PBXFileReference; lastKnownFileType = sourcecode.swift; path = URLExt.swift; sourceTree = "<group>"; };
		6CB397FE28463436008E2918 /* ApiManager.swift */ = {isa = PBXFileReference; lastKnownFileType = sourcecode.swift; path = ApiManager.swift; sourceTree = "<group>"; };
		6CB39800284637ED008E2918 /* Constant.swift */ = {isa = PBXFileReference; lastKnownFileType = sourcecode.swift; path = Constant.swift; sourceTree = "<group>"; };
		6CB3980228466110008E2918 /* ActivityIndicator.swift */ = {isa = PBXFileReference; lastKnownFileType = sourcecode.swift; path = ActivityIndicator.swift; sourceTree = "<group>"; };
		6CB39807284663BE008E2918 /* StrokeColorAnimation.swift */ = {isa = PBXFileReference; fileEncoding = 4; lastKnownFileType = sourcecode.swift; path = StrokeColorAnimation.swift; sourceTree = "<group>"; };
		6CB39808284663BE008E2918 /* RotationAnimation.swift */ = {isa = PBXFileReference; fileEncoding = 4; lastKnownFileType = sourcecode.swift; path = RotationAnimation.swift; sourceTree = "<group>"; };
		6CB39809284663BE008E2918 /* ProgressView.swift */ = {isa = PBXFileReference; fileEncoding = 4; lastKnownFileType = sourcecode.swift; path = ProgressView.swift; sourceTree = "<group>"; };
		6CB3980A284663BE008E2918 /* StrokeAnimation.swift */ = {isa = PBXFileReference; fileEncoding = 4; lastKnownFileType = sourcecode.swift; path = StrokeAnimation.swift; sourceTree = "<group>"; };
		6CB3980B284663BE008E2918 /* ProgressShapeLayer.swift */ = {isa = PBXFileReference; fileEncoding = 4; lastKnownFileType = sourcecode.swift; path = ProgressShapeLayer.swift; sourceTree = "<group>"; };
		F5A529E1E424B4A6FCA296F0 /* libPods-iOS-Practical-Test.a */ = {isa = PBXFileReference; explicitFileType = archive.ar; includeInIndex = 0; path = "libPods-iOS-Practical-Test.a"; sourceTree = BUILT_PRODUCTS_DIR; };
/* End PBXFileReference section */

/* Begin PBXFrameworksBuildPhase section */
		6CB39785284612CC008E2918 /* Frameworks */ = {
			isa = PBXFrameworksBuildPhase;
			buildActionMask = 2147483647;
			files = (
				813B8B567DE8D97FBBFAE15F /* libPods-iOS-Practical-Test.a in Frameworks */,
			);
			runOnlyForDeploymentPostprocessing = 0;
		};
		6CB3979B284612CE008E2918 /* Frameworks */ = {
			isa = PBXFrameworksBuildPhase;
			buildActionMask = 2147483647;
			files = (
			);
			runOnlyForDeploymentPostprocessing = 0;
		};
		6CB397A5284612CE008E2918 /* Frameworks */ = {
			isa = PBXFrameworksBuildPhase;
			buildActionMask = 2147483647;
			files = (
			);
			runOnlyForDeploymentPostprocessing = 0;
		};
/* End PBXFrameworksBuildPhase section */

/* Begin PBXGroup section */
		02B9725F7808CED499F69079 /* Frameworks */ = {
			isa = PBXGroup;
			children = (
				F5A529E1E424B4A6FCA296F0 /* libPods-iOS-Practical-Test.a */,
			);
			name = Frameworks;
			sourceTree = "<group>";
		};
		6CB3977F284612CC008E2918 = {
			isa = PBXGroup;
			children = (
				6CB3978A284612CC008E2918 /* iOS-Practical-Test */,
				6CB397A1284612CE008E2918 /* iOS-Practical-TestTests */,
				6CB397AB284612CE008E2918 /* iOS-Practical-TestUITests */,
				6CB39789284612CC008E2918 /* Products */,
				BD0C0BDA6260C91F2A4EC48A /* Pods */,
				02B9725F7808CED499F69079 /* Frameworks */,
			);
			sourceTree = "<group>";
		};
		6CB39789284612CC008E2918 /* Products */ = {
			isa = PBXGroup;
			children = (
				6CB39788284612CC008E2918 /* iOS-Practical-Test.app */,
				6CB3979E284612CE008E2918 /* iOS-Practical-TestTests.xctest */,
				6CB397A8284612CE008E2918 /* iOS-Practical-TestUITests.xctest */,
			);
			name = Products;
			sourceTree = "<group>";
		};
		6CB3978A284612CC008E2918 /* iOS-Practical-Test */ = {
			isa = PBXGroup;
			children = (
				6CB397BD2846163F008E2918 /* App */,
				6CB397BE28461652008E2918 /* Sences */,
				6CB397C02846173D008E2918 /* Shared */,
				6CB397BF28461680008E2918 /* Resources */,
			);
			path = "iOS-Practical-Test";
			sourceTree = "<group>";
		};
		6CB397A1284612CE008E2918 /* iOS-Practical-TestTests */ = {
			isa = PBXGroup;
			children = (
				6CB397A2284612CE008E2918 /* iOS_Practical_TestTests.swift */,
			);
			path = "iOS-Practical-TestTests";
			sourceTree = "<group>";
		};
		6CB397AB284612CE008E2918 /* iOS-Practical-TestUITests */ = {
			isa = PBXGroup;
			children = (
				6CB397AC284612CE008E2918 /* iOS_Practical_TestUITests.swift */,
				6CB397AE284612CE008E2918 /* iOS_Practical_TestUITestsLaunchTests.swift */,
			);
			path = "iOS-Practical-TestUITests";
			sourceTree = "<group>";
		};
		6CB397BD2846163F008E2918 /* App */ = {
			isa = PBXGroup;
			children = (
				6CB3978B284612CC008E2918 /* AppDelegate.swift */,
				6CB3978D284612CC008E2918 /* SceneDelegate.swift */,
				6CB397BB28461631008E2918 /* AppCoordinator.swift */,
			);
			path = App;
			sourceTree = "<group>";
		};
		6CB397BE28461652008E2918 /* Sences */ = {
			isa = PBXGroup;
			children = (
				6CB397CE2846184C008E2918 /* Views */,
				6CB397CF28461863008E2918 /* Movie List */,
			);
			path = Sences;
			sourceTree = "<group>";
		};
		6CB397BF28461680008E2918 /* Resources */ = {
			isa = PBXGroup;
			children = (
				6CB39794284612CE008E2918 /* Assets.xcassets */,
				6CB39796284612CE008E2918 /* LaunchScreen.storyboard */,
				6CB39799284612CE008E2918 /* Info.plist */,
				6CB397E228462745008E2918 /* iOS-Practical-Test-Bridging-Header.h */,
			);
			path = Resources;
			sourceTree = "<group>";
		};
		6CB397C02846173D008E2918 /* Shared */ = {
			isa = PBXGroup;
			children = (
				6CB397E828462E74008E2918 /* Views */,
				6CB397DB28462024008E2918 /* Network Service */,
				6CB397C428461786008E2918 /* Helper */,
				6CB397C12846174A008E2918 /* Extension */,
			);
			path = Shared;
			sourceTree = "<group>";
		};
		6CB397C12846174A008E2918 /* Extension */ = {
			isa = PBXGroup;
			children = (
				6CB397C228461769008E2918 /* UIViewControllerExt.swift */,
				6CB397E0284626DE008E2918 /* UIImageViewExt.swift */,
			);
			path = Extension;
			sourceTree = "<group>";
		};
		6CB397C428461786008E2918 /* Helper */ = {
			isa = PBXGroup;
			children = (
				6CB397C5284617A3008E2918 /* Coordinator */,
			);
			path = Helper;
			sourceTree = "<group>";
		};
		6CB397C5284617A3008E2918 /* Coordinator */ = {
			isa = PBXGroup;
			children = (
				6CB397C6284617A3008E2918 /* CoordinatorProtocol.swift */,
				6CB397C7284617A3008E2918 /* NativeNavigator.swift */,
				6CB397C8284617A3008E2918 /* DeallocObserver.swift */,
				6CB397C9284617A3008E2918 /* Coordinator.swift */,
			);
			path = Coordinator;
			sourceTree = "<group>";
		};
		6CB397CE2846184C008E2918 /* Views */ = {
			isa = PBXGroup;
			children = (
				6CB39791284612CC008E2918 /* Main.storyboard */,
				6CB397F828463025008E2918 /* MovieListCell.swift */,
			);
			path = Views;
			sourceTree = "<group>";
		};
		6CB397CF28461863008E2918 /* Movie List */ = {
			isa = PBXGroup;
			children = (
				6CB397D628461CE4008E2918 /* Model */,
				6CB397D528461CD9008E2918 /* ViewModel */,
				6CB397D428461CC9008E2918 /* Controller */,
			);
			path = "Movie List";
			sourceTree = "<group>";
		};
		6CB397D428461CC9008E2918 /* Controller */ = {
			isa = PBXGroup;
			children = (
				6CB397D0284618DA008E2918 /* MovieListVC.swift */,
				6CB397D2284618ED008E2918 /* MovieListCoordinator.swift */,
			);
			path = Controller;
			sourceTree = "<group>";
		};
		6CB397D528461CD9008E2918 /* ViewModel */ = {
			isa = PBXGroup;
			children = (
				6CB397D728461CFE008E2918 /* MovieListVM.swift */,
				6CB397FA28463168008E2918 /* MovieListCellVM.swift */,
			);
			path = ViewModel;
			sourceTree = "<group>";
		};
		6CB397D628461CE4008E2918 /* Model */ = {
			isa = PBXGroup;
			children = (
				6CB397D928461D16008E2918 /* MovieListModel.swift */,
			);
			path = Model;
			sourceTree = "<group>";
		};
		6CB397DB28462024008E2918 /* Network Service */ = {
			isa = PBXGroup;
			children = (
				6CB397DC284621B3008E2918 /* NetworkManager.swift */,
				6CB397DE28462204008E2918 /* URLRequestExt.swift */,
				6CB397FC284633B7008E2918 /* URLExt.swift */,
				6CB397FE28463436008E2918 /* ApiManager.swift */,
				6CB39800284637ED008E2918 /* Constant.swift */,
			);
			path = "Network Service";
			sourceTree = "<group>";
		};
		6CB397E828462E74008E2918 /* Views */ = {
			isa = PBXGroup;
			children = (
				6CB397E928462E8E008E2918 /* ToastView */,
				6CB3980228466110008E2918 /* ActivityIndicator.swift */,
				6CB39806284663BE008E2918 /* ProgressView */,
			);
			path = Views;
			sourceTree = "<group>";
		};
		6CB397E928462E8E008E2918 /* ToastView */ = {
			isa = PBXGroup;
			children = (
				6CB397EF28462E8E008E2918 /* ToastView.swift */,
			);
			path = ToastView;
			sourceTree = "<group>";
		};
		6CB39806284663BE008E2918 /* ProgressView */ = {
			isa = PBXGroup;
			children = (
				6CB39807284663BE008E2918 /* StrokeColorAnimation.swift */,
				6CB39808284663BE008E2918 /* RotationAnimation.swift */,
				6CB39809284663BE008E2918 /* ProgressView.swift */,
				6CB3980A284663BE008E2918 /* StrokeAnimation.swift */,
				6CB3980B284663BE008E2918 /* ProgressShapeLayer.swift */,
			);
			path = ProgressView;
			sourceTree = "<group>";
		};
		BD0C0BDA6260C91F2A4EC48A /* Pods */ = {
			isa = PBXGroup;
			children = (
				5BEED5F4C0FA5CF00BBC1F7B /* Pods-iOS-Practical-Test.debug.xcconfig */,
				0D07018360341F0EA6E0AAC0 /* Pods-iOS-Practical-Test.release.xcconfig */,
			);
			path = Pods;
			sourceTree = "<group>";
		};
/* End PBXGroup section */

/* Begin PBXNativeTarget section */
		6CB39787284612CC008E2918 /* iOS-Practical-Test */ = {
			isa = PBXNativeTarget;
			buildConfigurationList = 6CB397B2284612CE008E2918 /* Build configuration list for PBXNativeTarget "iOS-Practical-Test" */;
			buildPhases = (
				BCA3B6CDCA3870ABF1035F6C /* [CP] Check Pods Manifest.lock */,
				6CB39784284612CC008E2918 /* Sources */,
				6CB39785284612CC008E2918 /* Frameworks */,
				6CB39786284612CC008E2918 /* Resources */,
			);
			buildRules = (
			);
			dependencies = (
			);
			name = "iOS-Practical-Test";
			productName = "iOS-Practical-Test";
			productReference = 6CB39788284612CC008E2918 /* iOS-Practical-Test.app */;
			productType = "com.apple.product-type.application";
		};
		6CB3979D284612CE008E2918 /* iOS-Practical-TestTests */ = {
			isa = PBXNativeTarget;
			buildConfigurationList = 6CB397B5284612CE008E2918 /* Build configuration list for PBXNativeTarget "iOS-Practical-TestTests" */;
			buildPhases = (
				6CB3979A284612CE008E2918 /* Sources */,
				6CB3979B284612CE008E2918 /* Frameworks */,
				6CB3979C284612CE008E2918 /* Resources */,
			);
			buildRules = (
			);
			dependencies = (
				6CB397A0284612CE008E2918 /* PBXTargetDependency */,
			);
			name = "iOS-Practical-TestTests";
			productName = "iOS-Practical-TestTests";
			productReference = 6CB3979E284612CE008E2918 /* iOS-Practical-TestTests.xctest */;
			productType = "com.apple.product-type.bundle.unit-test";
		};
		6CB397A7284612CE008E2918 /* iOS-Practical-TestUITests */ = {
			isa = PBXNativeTarget;
			buildConfigurationList = 6CB397B8284612CE008E2918 /* Build configuration list for PBXNativeTarget "iOS-Practical-TestUITests" */;
			buildPhases = (
				6CB397A4284612CE008E2918 /* Sources */,
				6CB397A5284612CE008E2918 /* Frameworks */,
				6CB397A6284612CE008E2918 /* Resources */,
			);
			buildRules = (
			);
			dependencies = (
				6CB397AA284612CE008E2918 /* PBXTargetDependency */,
			);
			name = "iOS-Practical-TestUITests";
			productName = "iOS-Practical-TestUITests";
			productReference = 6CB397A8284612CE008E2918 /* iOS-Practical-TestUITests.xctest */;
			productType = "com.apple.product-type.bundle.ui-testing";
		};
/* End PBXNativeTarget section */

/* Begin PBXProject section */
		6CB39780284612CC008E2918 /* Project object */ = {
			isa = PBXProject;
			attributes = {
				BuildIndependentTargetsInParallel = 1;
				LastSwiftUpdateCheck = 1340;
				LastUpgradeCheck = 1340;
				TargetAttributes = {
					6CB39787284612CC008E2918 = {
						CreatedOnToolsVersion = 13.4;
						LastSwiftMigration = 1340;
					};
					6CB3979D284612CE008E2918 = {
						CreatedOnToolsVersion = 13.4;
						TestTargetID = 6CB39787284612CC008E2918;
					};
					6CB397A7284612CE008E2918 = {
						CreatedOnToolsVersion = 13.4;
						TestTargetID = 6CB39787284612CC008E2918;
					};
				};
			};
			buildConfigurationList = 6CB39783284612CC008E2918 /* Build configuration list for PBXProject "iOS-Practical-Test" */;
			compatibilityVersion = "Xcode 13.0";
			developmentRegion = en;
			hasScannedForEncodings = 0;
			knownRegions = (
				en,
				Base,
				ur,
				ar,
				bn,
				hi,
			);
			mainGroup = 6CB3977F284612CC008E2918;
			productRefGroup = 6CB39789284612CC008E2918 /* Products */;
			projectDirPath = "";
			projectRoot = "";
			targets = (
				6CB39787284612CC008E2918 /* iOS-Practical-Test */,
				6CB3979D284612CE008E2918 /* iOS-Practical-TestTests */,
				6CB397A7284612CE008E2918 /* iOS-Practical-TestUITests */,
			);
		};
/* End PBXProject section */

/* Begin PBXResourcesBuildPhase section */
		6CB39786284612CC008E2918 /* Resources */ = {
			isa = PBXResourcesBuildPhase;
			buildActionMask = 2147483647;
			files = (
				6CB39798284612CE008E2918 /* LaunchScreen.storyboard in Resources */,
				6CB39795284612CE008E2918 /* Assets.xcassets in Resources */,
				6CB39793284612CC008E2918 /* Main.storyboard in Resources */,
			);
			runOnlyForDeploymentPostprocessing = 0;
		};
		6CB3979C284612CE008E2918 /* Resources */ = {
			isa = PBXResourcesBuildPhase;
			buildActionMask = 2147483647;
			files = (
			);
			runOnlyForDeploymentPostprocessing = 0;
		};
		6CB397A6284612CE008E2918 /* Resources */ = {
			isa = PBXResourcesBuildPhase;
			buildActionMask = 2147483647;
			files = (
			);
			runOnlyForDeploymentPostprocessing = 0;
		};
/* End PBXResourcesBuildPhase section */

/* Begin PBXShellScriptBuildPhase section */
		BCA3B6CDCA3870ABF1035F6C /* [CP] Check Pods Manifest.lock */ = {
			isa = PBXShellScriptBuildPhase;
			buildActionMask = 2147483647;
			files = (
			);
			inputFileListPaths = (
			);
			inputPaths = (
				"${PODS_PODFILE_DIR_PATH}/Podfile.lock",
				"${PODS_ROOT}/Manifest.lock",
			);
			name = "[CP] Check Pods Manifest.lock";
			outputFileListPaths = (
			);
			outputPaths = (
				"$(DERIVED_FILE_DIR)/Pods-iOS-Practical-Test-checkManifestLockResult.txt",
			);
			runOnlyForDeploymentPostprocessing = 0;
			shellPath = /bin/sh;
			shellScript = "diff \"${PODS_PODFILE_DIR_PATH}/Podfile.lock\" \"${PODS_ROOT}/Manifest.lock\" > /dev/null\nif [ $? != 0 ] ; then\n    # print error to STDERR\n    echo \"error: The sandbox is not in sync with the Podfile.lock. Run 'pod install' or update your CocoaPods installation.\" >&2\n    exit 1\nfi\n# This output is used by Xcode 'outputs' to avoid re-running this script phase.\necho \"SUCCESS\" > \"${SCRIPT_OUTPUT_FILE_0}\"\n";
			showEnvVarsInLog = 0;
		};
/* End PBXShellScriptBuildPhase section */

/* Begin PBXSourcesBuildPhase section */
		6CB39784284612CC008E2918 /* Sources */ = {
			isa = PBXSourcesBuildPhase;
			buildActionMask = 2147483647;
			files = (
				6CB3980C284663BE008E2918 /* StrokeColorAnimation.swift in Sources */,
				6CB397F428462E8E008E2918 /* ToastView.swift in Sources */,
				6CB397DA28461D16008E2918 /* MovieListModel.swift in Sources */,
				6CB397FD284633B7008E2918 /* URLExt.swift in Sources */,
				6CB397D828461CFE008E2918 /* MovieListVM.swift in Sources */,
				6CB397C328461769008E2918 /* UIViewControllerExt.swift in Sources */,
				6CB397D3284618ED008E2918 /* MovieListCoordinator.swift in Sources */,
				6CB397BC28461631008E2918 /* AppCoordinator.swift in Sources */,
				6CB397D1284618DA008E2918 /* MovieListVC.swift in Sources */,
				6CB39810284663BE008E2918 /* ProgressShapeLayer.swift in Sources */,
				6CB397CA284617A3008E2918 /* CoordinatorProtocol.swift in Sources */,
				6CB397DD284621B3008E2918 /* NetworkManager.swift in Sources */,
				6CB397CC284617A3008E2918 /* DeallocObserver.swift in Sources */,
				6CB3980E284663BE008E2918 /* ProgressView.swift in Sources */,
				6CB397DF28462204008E2918 /* URLRequestExt.swift in Sources */,
				6CB397FF28463436008E2918 /* ApiManager.swift in Sources */,
				6CB397FB28463168008E2918 /* MovieListCellVM.swift in Sources */,
				6CB39801284637ED008E2918 /* Constant.swift in Sources */,
				6CB397F928463025008E2918 /* MovieListCell.swift in Sources */,
				6CB3980328466110008E2918 /* ActivityIndicator.swift in Sources */,
				6CB3980D284663BE008E2918 /* RotationAnimation.swift in Sources */,
				6CB397E1284626DE008E2918 /* UIImageViewExt.swift in Sources */,
				6CB3978C284612CC008E2918 /* AppDelegate.swift in Sources */,
				6CB3978E284612CC008E2918 /* SceneDelegate.swift in Sources */,
				6CB397CB284617A3008E2918 /* NativeNavigator.swift in Sources */,
				6CB3980F284663BE008E2918 /* StrokeAnimation.swift in Sources */,
				6CB397CD284617A3008E2918 /* Coordinator.swift in Sources */,
			);
			runOnlyForDeploymentPostprocessing = 0;
		};
		6CB3979A284612CE008E2918 /* Sources */ = {
			isa = PBXSourcesBuildPhase;
			buildActionMask = 2147483647;
			files = (
				6CB397A3284612CE008E2918 /* iOS_Practical_TestTests.swift in Sources */,
			);
			runOnlyForDeploymentPostprocessing = 0;
		};
		6CB397A4284612CE008E2918 /* Sources */ = {
			isa = PBXSourcesBuildPhase;
			buildActionMask = 2147483647;
			files = (
				6CB397AF284612CE008E2918 /* iOS_Practical_TestUITestsLaunchTests.swift in Sources */,
				6CB397AD284612CE008E2918 /* iOS_Practical_TestUITests.swift in Sources */,
			);
			runOnlyForDeploymentPostprocessing = 0;
		};
/* End PBXSourcesBuildPhase section */

/* Begin PBXTargetDependency section */
		6CB397A0284612CE008E2918 /* PBXTargetDependency */ = {
			isa = PBXTargetDependency;
			target = 6CB39787284612CC008E2918 /* iOS-Practical-Test */;
			targetProxy = 6CB3979F284612CE008E2918 /* PBXContainerItemProxy */;
		};
		6CB397AA284612CE008E2918 /* PBXTargetDependency */ = {
			isa = PBXTargetDependency;
			target = 6CB39787284612CC008E2918 /* iOS-Practical-Test */;
			targetProxy = 6CB397A9284612CE008E2918 /* PBXContainerItemProxy */;
		};
/* End PBXTargetDependency section */

/* Begin PBXVariantGroup section */
		6CB39791284612CC008E2918 /* Main.storyboard */ = {
			isa = PBXVariantGroup;
			children = (
				6CB39792284612CC008E2918 /* Base */,
			);
			name = Main.storyboard;
			sourceTree = "<group>";
		};
		6CB39796284612CE008E2918 /* LaunchScreen.storyboard */ = {
			isa = PBXVariantGroup;
			children = (
				6CB39797284612CE008E2918 /* Base */,
			);
			name = LaunchScreen.storyboard;
			sourceTree = "<group>";
		};
/* End PBXVariantGroup section */

/* Begin XCBuildConfiguration section */
		6CB397B0284612CE008E2918 /* Debug */ = {
			isa = XCBuildConfiguration;
			buildSettings = {
				ALWAYS_SEARCH_USER_PATHS = NO;
				CLANG_ANALYZER_NONNULL = YES;
				CLANG_ANALYZER_NUMBER_OBJECT_CONVERSION = YES_AGGRESSIVE;
				CLANG_CXX_LANGUAGE_STANDARD = "gnu++17";
				CLANG_ENABLE_MODULES = YES;
				CLANG_ENABLE_OBJC_ARC = YES;
				CLANG_ENABLE_OBJC_WEAK = YES;
				CLANG_WARN_BLOCK_CAPTURE_AUTORELEASING = YES;
				CLANG_WARN_BOOL_CONVERSION = YES;
				CLANG_WARN_COMMA = YES;
				CLANG_WARN_CONSTANT_CONVERSION = YES;
				CLANG_WARN_DEPRECATED_OBJC_IMPLEMENTATIONS = YES;
				CLANG_WARN_DIRECT_OBJC_ISA_USAGE = YES_ERROR;
				CLANG_WARN_DOCUMENTATION_COMMENTS = YES;
				CLANG_WARN_EMPTY_BODY = YES;
				CLANG_WARN_ENUM_CONVERSION = YES;
				CLANG_WARN_INFINITE_RECURSION = YES;
				CLANG_WARN_INT_CONVERSION = YES;
				CLANG_WARN_NON_LITERAL_NULL_CONVERSION = YES;
				CLANG_WARN_OBJC_IMPLICIT_RETAIN_SELF = YES;
				CLANG_WARN_OBJC_LITERAL_CONVERSION = YES;
				CLANG_WARN_OBJC_ROOT_CLASS = YES_ERROR;
				CLANG_WARN_QUOTED_INCLUDE_IN_FRAMEWORK_HEADER = YES;
				CLANG_WARN_RANGE_LOOP_ANALYSIS = YES;
				CLANG_WARN_STRICT_PROTOTYPES = YES;
				CLANG_WARN_SUSPICIOUS_MOVE = YES;
				CLANG_WARN_UNGUARDED_AVAILABILITY = YES_AGGRESSIVE;
				CLANG_WARN_UNREACHABLE_CODE = YES;
				CLANG_WARN__DUPLICATE_METHOD_MATCH = YES;
				COPY_PHASE_STRIP = NO;
				DEBUG_INFORMATION_FORMAT = dwarf;
				ENABLE_STRICT_OBJC_MSGSEND = YES;
				ENABLE_TESTABILITY = YES;
				GCC_C_LANGUAGE_STANDARD = gnu11;
				GCC_DYNAMIC_NO_PIC = NO;
				GCC_NO_COMMON_BLOCKS = YES;
				GCC_OPTIMIZATION_LEVEL = 0;
				GCC_PREPROCESSOR_DEFINITIONS = (
					"DEBUG=1",
					"$(inherited)",
				);
				GCC_WARN_64_TO_32_BIT_CONVERSION = YES;
				GCC_WARN_ABOUT_RETURN_TYPE = YES_ERROR;
				GCC_WARN_UNDECLARED_SELECTOR = YES;
				GCC_WARN_UNINITIALIZED_AUTOS = YES_AGGRESSIVE;
				GCC_WARN_UNUSED_FUNCTION = YES;
				GCC_WARN_UNUSED_VARIABLE = YES;
				IPHONEOS_DEPLOYMENT_TARGET = 15.5;
				MTL_ENABLE_DEBUG_INFO = INCLUDE_SOURCE;
				MTL_FAST_MATH = YES;
				ONLY_ACTIVE_ARCH = YES;
				SDKROOT = iphoneos;
				SWIFT_ACTIVE_COMPILATION_CONDITIONS = DEBUG;
				SWIFT_OPTIMIZATION_LEVEL = "-Onone";
			};
			name = Debug;
		};
		6CB397B1284612CE008E2918 /* Release */ = {
			isa = XCBuildConfiguration;
			buildSettings = {
				ALWAYS_SEARCH_USER_PATHS = NO;
				CLANG_ANALYZER_NONNULL = YES;
				CLANG_ANALYZER_NUMBER_OBJECT_CONVERSION = YES_AGGRESSIVE;
				CLANG_CXX_LANGUAGE_STANDARD = "gnu++17";
				CLANG_ENABLE_MODULES = YES;
				CLANG_ENABLE_OBJC_ARC = YES;
				CLANG_ENABLE_OBJC_WEAK = YES;
				CLANG_WARN_BLOCK_CAPTURE_AUTORELEASING = YES;
				CLANG_WARN_BOOL_CONVERSION = YES;
				CLANG_WARN_COMMA = YES;
				CLANG_WARN_CONSTANT_CONVERSION = YES;
				CLANG_WARN_DEPRECATED_OBJC_IMPLEMENTATIONS = YES;
				CLANG_WARN_DIRECT_OBJC_ISA_USAGE = YES_ERROR;
				CLANG_WARN_DOCUMENTATION_COMMENTS = YES;
				CLANG_WARN_EMPTY_BODY = YES;
				CLANG_WARN_ENUM_CONVERSION = YES;
				CLANG_WARN_INFINITE_RECURSION = YES;
				CLANG_WARN_INT_CONVERSION = YES;
				CLANG_WARN_NON_LITERAL_NULL_CONVERSION = YES;
				CLANG_WARN_OBJC_IMPLICIT_RETAIN_SELF = YES;
				CLANG_WARN_OBJC_LITERAL_CONVERSION = YES;
				CLANG_WARN_OBJC_ROOT_CLASS = YES_ERROR;
				CLANG_WARN_QUOTED_INCLUDE_IN_FRAMEWORK_HEADER = YES;
				CLANG_WARN_RANGE_LOOP_ANALYSIS = YES;
				CLANG_WARN_STRICT_PROTOTYPES = YES;
				CLANG_WARN_SUSPICIOUS_MOVE = YES;
				CLANG_WARN_UNGUARDED_AVAILABILITY = YES_AGGRESSIVE;
				CLANG_WARN_UNREACHABLE_CODE = YES;
				CLANG_WARN__DUPLICATE_METHOD_MATCH = YES;
				COPY_PHASE_STRIP = NO;
				DEBUG_INFORMATION_FORMAT = "dwarf-with-dsym";
				ENABLE_NS_ASSERTIONS = NO;
				ENABLE_STRICT_OBJC_MSGSEND = YES;
				GCC_C_LANGUAGE_STANDARD = gnu11;
				GCC_NO_COMMON_BLOCKS = YES;
				GCC_WARN_64_TO_32_BIT_CONVERSION = YES;
				GCC_WARN_ABOUT_RETURN_TYPE = YES_ERROR;
				GCC_WARN_UNDECLARED_SELECTOR = YES;
				GCC_WARN_UNINITIALIZED_AUTOS = YES_AGGRESSIVE;
				GCC_WARN_UNUSED_FUNCTION = YES;
				GCC_WARN_UNUSED_VARIABLE = YES;
				IPHONEOS_DEPLOYMENT_TARGET = 15.5;
				MTL_ENABLE_DEBUG_INFO = NO;
				MTL_FAST_MATH = YES;
				SDKROOT = iphoneos;
				SWIFT_COMPILATION_MODE = wholemodule;
				SWIFT_OPTIMIZATION_LEVEL = "-O";
				VALIDATE_PRODUCT = YES;
			};
			name = Release;
		};
		6CB397B3284612CE008E2918 /* Debug */ = {
			isa = XCBuildConfiguration;
			baseConfigurationReference = 5BEED5F4C0FA5CF00BBC1F7B /* Pods-iOS-Practical-Test.debug.xcconfig */;
			buildSettings = {
				ASSETCATALOG_COMPILER_APPICON_NAME = AppIcon;
				ASSETCATALOG_COMPILER_GLOBAL_ACCENT_COLOR_NAME = AccentColor;
				CLANG_ENABLE_MODULES = YES;
				CODE_SIGN_STYLE = Automatic;
				CURRENT_PROJECT_VERSION = 1;
				DEVELOPMENT_TEAM = NNZ93T6W5N;
				GENERATE_INFOPLIST_FILE = YES;
				INFOPLIST_FILE = "iOS-Practical-Test/Resources/Info.plist";
				INFOPLIST_KEY_UIApplicationSupportsIndirectInputEvents = YES;
				INFOPLIST_KEY_UILaunchStoryboardName = LaunchScreen;
				INFOPLIST_KEY_UIMainStoryboardFile = Main;
				INFOPLIST_KEY_UISupportedInterfaceOrientations = UIInterfaceOrientationPortrait;
				INFOPLIST_KEY_UISupportedInterfaceOrientations_iPad = "UIInterfaceOrientationPortrait UIInterfaceOrientationPortraitUpsideDown UIInterfaceOrientationLandscapeLeft UIInterfaceOrientationLandscapeRight";
				INFOPLIST_KEY_UISupportedInterfaceOrientations_iPhone = "UIInterfaceOrientationPortrait UIInterfaceOrientationLandscapeLeft UIInterfaceOrientationLandscapeRight";
				IPHONEOS_DEPLOYMENT_TARGET = 14.0;
				LD_RUNPATH_SEARCH_PATHS = (
					"$(inherited)",
					"@executable_path/Frameworks",
				);
				MARKETING_VERSION = 1.0;
				PRODUCT_BUNDLE_IDENTIFIER = "com.maya.iOS-Practical-Test";
				PRODUCT_NAME = "$(TARGET_NAME)";
				SWIFT_EMIT_LOC_STRINGS = YES;
				SWIFT_OBJC_BRIDGING_HEADER = "iOS-Practical-Test/Resources/iOS-Practical-Test-Bridging-Header.h";
				SWIFT_OPTIMIZATION_LEVEL = "-Onone";
				SWIFT_VERSION = 5.0;
				TARGETED_DEVICE_FAMILY = "1,2";
			};
			name = Debug;
		};
		6CB397B4284612CE008E2918 /* Release */ = {
			isa = XCBuildConfiguration;
			baseConfigurationReference = 0D07018360341F0EA6E0AAC0 /* Pods-iOS-Practical-Test.release.xcconfig */;
			buildSettings = {
				ASSETCATALOG_COMPILER_APPICON_NAME = AppIcon;
				ASSETCATALOG_COMPILER_GLOBAL_ACCENT_COLOR_NAME = AccentColor;
				CLANG_ENABLE_MODULES = YES;
				CODE_SIGN_STYLE = Automatic;
				CURRENT_PROJECT_VERSION = 1;
				DEVELOPMENT_TEAM = NNZ93T6W5N;
				GENERATE_INFOPLIST_FILE = YES;
				INFOPLIST_FILE = "iOS-Practical-Test/Resources/Info.plist";
				INFOPLIST_KEY_UIApplicationSupportsIndirectInputEvents = YES;
				INFOPLIST_KEY_UILaunchStoryboardName = LaunchScreen;
				INFOPLIST_KEY_UIMainStoryboardFile = Main;
				INFOPLIST_KEY_UISupportedInterfaceOrientations = UIInterfaceOrientationPortrait;
				INFOPLIST_KEY_UISupportedInterfaceOrientations_iPad = "UIInterfaceOrientationPortrait UIInterfaceOrientationPortraitUpsideDown UIInterfaceOrientationLandscapeLeft UIInterfaceOrientationLandscapeRight";
				INFOPLIST_KEY_UISupportedInterfaceOrientations_iPhone = "UIInterfaceOrientationPortrait UIInterfaceOrientationLandscapeLeft UIInterfaceOrientationLandscapeRight";
				IPHONEOS_DEPLOYMENT_TARGET = 14.0;
				LD_RUNPATH_SEARCH_PATHS = (
					"$(inherited)",
					"@executable_path/Frameworks",
				);
				MARKETING_VERSION = 1.0;
				PRODUCT_BUNDLE_IDENTIFIER = "com.maya.iOS-Practical-Test";
				PRODUCT_NAME = "$(TARGET_NAME)";
				SWIFT_EMIT_LOC_STRINGS = YES;
				SWIFT_OBJC_BRIDGING_HEADER = "iOS-Practical-Test/Resources/iOS-Practical-Test-Bridging-Header.h";
				SWIFT_VERSION = 5.0;
				TARGETED_DEVICE_FAMILY = "1,2";
			};
			name = Release;
		};
		6CB397B6284612CE008E2918 /* Debug */ = {
			isa = XCBuildConfiguration;
			buildSettings = {
				ALWAYS_EMBED_SWIFT_STANDARD_LIBRARIES = YES;
				BUNDLE_LOADER = "$(TEST_HOST)";
				CODE_SIGN_STYLE = Automatic;
				CURRENT_PROJECT_VERSION = 1;
				DEVELOPMENT_TEAM = NNZ93T6W5N;
				GENERATE_INFOPLIST_FILE = YES;
				IPHONEOS_DEPLOYMENT_TARGET = 15.5;
				MARKETING_VERSION = 1.0;
				PRODUCT_BUNDLE_IDENTIFIER = "com.maya.iOS-Practical-TestTests";
				PRODUCT_NAME = "$(TARGET_NAME)";
				SWIFT_EMIT_LOC_STRINGS = NO;
				SWIFT_VERSION = 5.0;
				TARGETED_DEVICE_FAMILY = "1,2";
				TEST_HOST = "$(BUILT_PRODUCTS_DIR)/iOS-Practical-Test.app/iOS-Practical-Test";
			};
			name = Debug;
		};
		6CB397B7284612CE008E2918 /* Release */ = {
			isa = XCBuildConfiguration;
			buildSettings = {
				ALWAYS_EMBED_SWIFT_STANDARD_LIBRARIES = YES;
				BUNDLE_LOADER = "$(TEST_HOST)";
				CODE_SIGN_STYLE = Automatic;
				CURRENT_PROJECT_VERSION = 1;
				DEVELOPMENT_TEAM = NNZ93T6W5N;
				GENERATE_INFOPLIST_FILE = YES;
				IPHONEOS_DEPLOYMENT_TARGET = 15.5;
				MARKETING_VERSION = 1.0;
				PRODUCT_BUNDLE_IDENTIFIER = "com.maya.iOS-Practical-TestTests";
				PRODUCT_NAME = "$(TARGET_NAME)";
				SWIFT_EMIT_LOC_STRINGS = NO;
				SWIFT_VERSION = 5.0;
				TARGETED_DEVICE_FAMILY = "1,2";
				TEST_HOST = "$(BUILT_PRODUCTS_DIR)/iOS-Practical-Test.app/iOS-Practical-Test";
			};
			name = Release;
		};
		6CB397B9284612CE008E2918 /* Debug */ = {
			isa = XCBuildConfiguration;
			buildSettings = {
				ALWAYS_EMBED_SWIFT_STANDARD_LIBRARIES = YES;
				CODE_SIGN_STYLE = Automatic;
				CURRENT_PROJECT_VERSION = 1;
				DEVELOPMENT_TEAM = NNZ93T6W5N;
				GENERATE_INFOPLIST_FILE = YES;
				MARKETING_VERSION = 1.0;
				PRODUCT_BUNDLE_IDENTIFIER = "com.maya.iOS-Practical-TestUITests";
				PRODUCT_NAME = "$(TARGET_NAME)";
				SWIFT_EMIT_LOC_STRINGS = NO;
				SWIFT_VERSION = 5.0;
				TARGETED_DEVICE_FAMILY = "1,2";
				TEST_TARGET_NAME = "iOS-Practical-Test";
			};
			name = Debug;
		};
		6CB397BA284612CE008E2918 /* Release */ = {
			isa = XCBuildConfiguration;
			buildSettings = {
				ALWAYS_EMBED_SWIFT_STANDARD_LIBRARIES = YES;
				CODE_SIGN_STYLE = Automatic;
				CURRENT_PROJECT_VERSION = 1;
				DEVELOPMENT_TEAM = NNZ93T6W5N;
				GENERATE_INFOPLIST_FILE = YES;
				MARKETING_VERSION = 1.0;
				PRODUCT_BUNDLE_IDENTIFIER = "com.maya.iOS-Practical-TestUITests";
				PRODUCT_NAME = "$(TARGET_NAME)";
				SWIFT_EMIT_LOC_STRINGS = NO;
				SWIFT_VERSION = 5.0;
				TARGETED_DEVICE_FAMILY = "1,2";
				TEST_TARGET_NAME = "iOS-Practical-Test";
			};
			name = Release;
		};
/* End XCBuildConfiguration section */

/* Begin XCConfigurationList section */
		6CB39783284612CC008E2918 /* Build configuration list for PBXProject "iOS-Practical-Test" */ = {
			isa = XCConfigurationList;
			buildConfigurations = (
				6CB397B0284612CE008E2918 /* Debug */,
				6CB397B1284612CE008E2918 /* Release */,
			);
			defaultConfigurationIsVisible = 0;
			defaultConfigurationName = Release;
		};
		6CB397B2284612CE008E2918 /* Build configuration list for PBXNativeTarget "iOS-Practical-Test" */ = {
			isa = XCConfigurationList;
			buildConfigurations = (
				6CB397B3284612CE008E2918 /* Debug */,
				6CB397B4284612CE008E2918 /* Release */,
			);
			defaultConfigurationIsVisible = 0;
			defaultConfigurationName = Release;
		};
		6CB397B5284612CE008E2918 /* Build configuration list for PBXNativeTarget "iOS-Practical-TestTests" */ = {
			isa = XCConfigurationList;
			buildConfigurations = (
				6CB397B6284612CE008E2918 /* Debug */,
				6CB397B7284612CE008E2918 /* Release */,
			);
			defaultConfigurationIsVisible = 0;
			defaultConfigurationName = Release;
		};
		6CB397B8284612CE008E2918 /* Build configuration list for PBXNativeTarget "iOS-Practical-TestUITests" */ = {
			isa = XCConfigurationList;
			buildConfigurations = (
				6CB397B9284612CE008E2918 /* Debug */,
				6CB397BA284612CE008E2918 /* Release */,
			);
			defaultConfigurationIsVisible = 0;
			defaultConfigurationName = Release;
		};
/* End XCConfigurationList section */
	};
	rootObject = 6CB39780284612CC008E2918 /* Project object */;
}
